{
  "pins" : [
    {
      "identity" : "o",
      "kind" : "remoteSourceControl",
      "location" : "https://github.com/0xOpenBytes/o",
      "state" : {
        "revision" : "7e3aafa62705697a04db410bffc915e37e791649",
        "version" : "1.0.1"
      }
    },
    {
      "identity" : "plugin",
      "kind" : "remoteSourceControl",
      "location" : "https://github.com/0xLeif/Plugin",
      "state" : {
        "revision" : "2f1af7da956de08da2f6134f699f7d9b55ae495c",
        "version" : "1.1.0"
      }
    },
    {
      "identity" : "swift-log",
      "kind" : "remoteSourceControl",
      "location" : "https://github.com/apple/swift-log",
      "state" : {
        "revision" : "32e8d724467f8fe623624570367e3d50c5638e46",
        "version" : "1.5.2"
      }
    }
  ],
  "version" : 2
}
