{
  "pins" : [
    {
      "identity" : "o",
      "kind" : "remoteSourceControl",
      "location" : "https://github.com/0xOpenBytes/o",
      "state" : {
        "revision" : "3e83362434c82f318a8d72e0d3b0786ffb3ba640",
        "version" : "2.1.0"
      }
    },
    {
      "identity" : "plugin",
      "kind" : "remoteSourceControl",
      "location" : "https://github.com/0xLeif/Plugin",
      "state" : {
        "revision" : "415a13b088ad42498c24f27c6b94af9e7dbbb273",
        "version" : "1.1.1"
      }
    },
    {
      "identity" : "swift-log",
      "kind" : "remoteSourceControl",
      "location" : "https://github.com/apple/swift-log",
      "state" : {
        "revision" : "32e8d724467f8fe623624570367e3d50c5638e46",
        "version" : "1.5.2"
      }
    }
  ],
  "version" : 2
}
